{
  "nodes": {
    "flake-compat": {
      "flake": false,
      "locked": {
        "lastModified": 1767039857,
        "narHash": "sha256-vNpUSpF5Nuw8xvDLj2KCwwksIbjua2LZCqhV1LNRDns=",
        "owner": "edolstra",
        "repo": "flake-compat",
        "rev": "5edf11c44bc78a0d334f6334cdaf7d60d732daab",
        "type": "github"
      },
      "original": {
        "owner": "edolstra",
        "repo": "flake-compat",
        "type": "github"
      }
    },
    "flake-parts": {
      "inputs": {
        "nixpkgs-lib": [
          "tailscale-go",
          "nixpkgs"
        ]
      },
      "locked": {
        "lastModified": 1768135262,
        "narHash": "sha256-PVvu7OqHBGWN16zSi6tEmPwwHQ4rLPU9Plvs8/1TUBY=",
        "owner": "hercules-ci",
        "repo": "flake-parts",
        "rev": "80daad04eddbbf5a4d883996a73f3f542fa437ac",
        "type": "github"
      },
      "original": {
        "owner": "hercules-ci",
        "repo": "flake-parts",
        "type": "github"
      }
    },
    "nixpkgs": {
      "locked": {
        "lastModified": 1769105483,
        "narHash": "sha256-cC4W6KDq3942hk4zyoDWYOvb/9lvlsPZbrdlTj9hsxw=",
        "owner": "NixOS",
        "repo": "nixpkgs",
        "rev": "70801e06d9730c4f1704fbd3bbf5b8e11c03a2a7",
        "type": "github"
      },
      "original": {
        "owner": "NixOS",
        "repo": "nixpkgs",
        "rev": "70801e06d9730c4f1704fbd3bbf5b8e11c03a2a7",
        "type": "github"
      }
    },
    "root": {
      "inputs": {
        "flake-compat": "flake-compat",
        "nixpkgs": "nixpkgs",
        "systems": "systems",
        "tailscale-go": "tailscale-go"
      }
    },
    "systems": {
      "locked": {
        "lastModified": 1681028828,
        "narHash": "sha256-Vy1rq5AaRuLzOxct8nz4T6wlgyUR7zLU309k9mBC768=",
        "owner": "nix-systems",
        "repo": "default",
        "rev": "da67096a3b9bf56a91d16901293e51ba5b49a27e",
        "type": "github"
      },
      "original": {
        "owner": "nix-systems",
        "repo": "default",
        "type": "github"
      }
    },
    "tailscale-go": {
      "inputs": {
        "flake-parts": "flake-parts",
        "nixpkgs": [
          "nixpkgs"
        ],
        "systems": [
          "systems"
        ]
      },
      "locked": {
        "lastModified": 1769757897,
        "narHash": "sha256-YDGboe8GhPhXi8bOEMWY1zde+DY0Xy2D0I8MYK4bBcI=",
        "owner": "ink-splatters",
        "repo": "tailscale-go",
        "rev": "b487227e52c24d121534afd0ec9eca6a4ea4cc6a",
        "type": "github"
      },
      "original": {
        "owner": "ink-splatters",
        "ref": "go1.26rc2+20260130",
        "repo": "tailscale-go",
        "type": "github"
      }
    }
  },
  "root": "root",
  "version": 7
}
